// !$*UTF8*$!
{
	archiveVersion = 1;
	classes = {
	};
	objectVersion = 56;
	objects = {

/* Begin PBXBuildFile section */
		667914DB2D8DCA34009183D0 /* Desafio2App.swift in Sources */ = {isa = PBXBuildFile; fileRef = 667914DA2D8DCA34009183D0 /* Desafio2App.swift */; };
		667914DD2D8DCA34009183D0 /* ContentView.swift in Sources */ = {isa = PBXBuildFile; fileRef = 667914DC2D8DCA34009183D0 /* ContentView.swift */; };
		667914DF2D8DCA36009183D0 /* Assets.xcassets in Resources */ = {isa = PBXBuildFile; fileRef = 667914DE2D8DCA36009183D0 /* Assets.xcassets */; };
		667914E22D8DCA36009183D0 /* Preview Assets.xcassets in Resources */ = {isa = PBXBuildFile; fileRef = 667914E12D8DCA36009183D0 /* Preview Assets.xcassets */; };
		667915192D8DE5B6009183D0 /* SheetView.swift in Sources */ = {isa = PBXBuildFile; fileRef = 667915182D8DE5B6009183D0 /* SheetView.swift */; };
		6679151B2D8DE5C2009183D0 /* Modo1.swift in Sources */ = {isa = PBXBuildFile; fileRef = 6679151A2D8DE5C2009183D0 /* Modo1.swift */; };
		6679151D2D8DE5CF009183D0 /* Modo2.swift in Sources */ = {isa = PBXBuildFile; fileRef = 6679151C2D8DE5CF009183D0 /* Modo2.swift */; };
		667915212D8DF8C7009183D0 /* Modo2Parte2.swift in Sources */ = {isa = PBXBuildFile; fileRef = 667915202D8DF8C7009183D0 /* Modo2Parte2.swift */; };
/* End PBXBuildFile section */

/* Begin PBXFileReference section */
		667914D72D8DCA34009183D0 /* Desafio2.app */ = {isa = PBXFileReference; explicitFileType = wrapper.application; includeInIndex = 0; path = Desafio2.app; sourceTree = BUILT_PRODUCTS_DIR; };
		667914DA2D8DCA34009183D0 /* Desafio2App.swift */ = {isa = PBXFileReference; lastKnownFileType = sourcecode.swift; path = Desafio2App.swift; sourceTree = "<group>"; };
		667914DC2D8DCA34009183D0 /* ContentView.swift */ = {isa = PBXFileReference; lastKnownFileType = sourcecode.swift; path = ContentView.swift; sourceTree = "<group>"; };
		667914DE2D8DCA36009183D0 /* Assets.xcassets */ = {isa = PBXFileReference; lastKnownFileType = folder.assetcatalog; path = Assets.xcassets; sourceTree = "<group>"; };
		667914E12D8DCA36009183D0 /* Preview Assets.xcassets */ = {isa = PBXFileReference; lastKnownFileType = folder.assetcatalog; path = "Preview Assets.xcassets"; sourceTree = "<group>"; };
		667915182D8DE5B6009183D0 /* SheetView.swift */ = {isa = PBXFileReference; lastKnownFileType = sourcecode.swift; path = SheetView.swift; sourceTree = "<group>"; };
		6679151A2D8DE5C2009183D0 /* Modo1.swift */ = {isa = PBXFileReference; lastKnownFileType = sourcecode.swift; path = Modo1.swift; sourceTree = "<group>"; };
		6679151C2D8DE5CF009183D0 /* Modo2.swift */ = {isa = PBXFileReference; lastKnownFileType = sourcecode.swift; path = Modo2.swift; sourceTree = "<group>"; };
		667915202D8DF8C7009183D0 /* Modo2Parte2.swift */ = {isa = PBXFileReference; lastKnownFileType = sourcecode.swift; path = Modo2Parte2.swift; sourceTree = "<group>"; };
/* End PBXFileReference section */

/* Begin PBXFrameworksBuildPhase section */
		667914D42D8DCA34009183D0 /* Frameworks */ = {
			isa = PBXFrameworksBuildPhase;
			buildActionMask = 2147483647;
			files = (
			);
			runOnlyForDeploymentPostprocessing = 0;
		};
/* End PBXFrameworksBuildPhase section */

/* Begin PBXGroup section */
		667914CE2D8DCA34009183D0 = {
			isa = PBXGroup;
			children = (
				667915202D8DF8C7009183D0 /* Modo2Parte2.swift */,
				6679151C2D8DE5CF009183D0 /* Modo2.swift */,
				6679151A2D8DE5C2009183D0 /* Modo1.swift */,
				667915182D8DE5B6009183D0 /* SheetView.swift */,
				667914D92D8DCA34009183D0 /* Desafio2 */,
				667914D82D8DCA34009183D0 /* Products */,
			);
			sourceTree = "<group>";
		};
		667914D82D8DCA34009183D0 /* Products */ = {
			isa = PBXGroup;
			children = (
				667914D72D8DCA34009183D0 /* Desafio2.app */,
			);
			name = Products;
			sourceTree = "<group>";
		};
		667914D92D8DCA34009183D0 /* Desafio2 */ = {
			isa = PBXGroup;
			children = (
				667914DA2D8DCA34009183D0 /* Desafio2App.swift */,
				667914DC2D8DCA34009183D0 /* ContentView.swift */,
				667914DE2D8DCA36009183D0 /* Assets.xcassets */,
				667914E02D8DCA36009183D0 /* Preview Content */,
			);
			path = Desafio2;
			sourceTree = "<group>";
		};
		667914E02D8DCA36009183D0 /* Preview Content */ = {
			isa = PBXGroup;
			children = (
				667914E12D8DCA36009183D0 /* Preview Assets.xcassets */,
			);
			path = "Preview Content";
			sourceTree = "<group>";
		};
/* End PBXGroup section */

/* Begin PBXNativeTarget section */
		667914D62D8DCA34009183D0 /* Desafio2 */ = {
			isa = PBXNativeTarget;
			buildConfigurationList = 667914E52D8DCA36009183D0 /* Build configuration list for PBXNativeTarget "Desafio2" */;
			buildPhases = (
				667914D32D8DCA34009183D0 /* Sources */,
				667914D42D8DCA34009183D0 /* Frameworks */,
				667914D52D8DCA34009183D0 /* Resources */,
			);
			buildRules = (
			);
			dependencies = (
			);
			name = Desafio2;
			productName = Desafio2;
			productReference = 667914D72D8DCA34009183D0 /* Desafio2.app */;
			productType = "com.apple.product-type.application";
		};
/* End PBXNativeTarget section */

/* Begin PBXProject section */
		667914CF2D8DCA34009183D0 /* Project object */ = {
			isa = PBXProject;
			attributes = {
				BuildIndependentTargetsInParallel = 1;
				LastSwiftUpdateCheck = 1540;
				LastUpgradeCheck = 1540;
				TargetAttributes = {
					667914D62D8DCA34009183D0 = {
						CreatedOnToolsVersion = 15.4;
					};
				};
			};
			buildConfigurationList = 667914D22D8DCA34009183D0 /* Build configuration list for PBXProject "Desafio2" */;
			compatibilityVersion = "Xcode 14.0";
			developmentRegion = en;
			hasScannedForEncodings = 0;
			knownRegions = (
				en,
				Base,
			);
			mainGroup = 667914CE2D8DCA34009183D0;
			productRefGroup = 667914D82D8DCA34009183D0 /* Products */;
			projectDirPath = "";
			projectRoot = "";
			targets = (
				667914D62D8DCA34009183D0 /* Desafio2 */,
			);
		};
/* End PBXProject section */

/* Begin PBXResourcesBuildPhase section */
		667914D52D8DCA34009183D0 /* Resources */ = {
			isa = PBXResourcesBuildPhase;
			buildActionMask = 2147483647;
			files = (
				667914E22D8DCA36009183D0 /* Preview Assets.xcassets in Resources */,
				667914DF2D8DCA36009183D0 /* Assets.xcassets in Resources */,
			);
			runOnlyForDeploymentPostprocessing = 0;
		};
/* End PBXResourcesBuildPhase section */

/* Begin PBXSourcesBuildPhase section */
		667914D32D8DCA34009183D0 /* Sources */ = {
			isa = PBXSourcesBuildPhase;
			buildActionMask = 2147483647;
			files = (
				667914DD2D8DCA34009183D0 /* ContentView.swift in Sources */,
				667915212D8DF8C7009183D0 /* Modo2Parte2.swift in Sources */,
				667915192D8DE5B6009183D0 /* SheetView.swift in Sources */,
				6679151B2D8DE5C2009183D0 /* Modo1.swift in Sources */,
				6679151D2D8DE5CF009183D0 /* Modo2.swift in Sources */,
				667914DB2D8DCA34009183D0 /* Desafio2App.swift in Sources */,
			);
			runOnlyForDeploymentPostprocessing = 0;
		};
/* End PBXSourcesBuildPhase section */

/* Begin XCBuildConfiguration section */
		667914E32D8DCA36009183D0 /* Debug */ = {
			isa = XCBuildConfiguration;
			buildSettings = {
				ALWAYS_SEARCH_USER_PATHS = NO;
				ASSETCATALOG_COMPILER_GENERATE_SWIFT_ASSET_SYMBOL_EXTENSIONS = YES;
				CLANG_ANALYZER_NONNULL = YES;
				CLANG_ANALYZER_NUMBER_OBJECT_CONVERSION = YES_AGGRESSIVE;
				CLANG_CXX_LANGUAGE_STANDARD = "gnu++20";
				CLANG_ENABLE_MODULES = YES;
				CLANG_ENABLE_OBJC_ARC = YES;
				CLANG_ENABLE_OBJC_WEAK = YES;
				CLANG_WARN_BLOCK_CAPTURE_AUTORELEASING = YES;
				CLANG_WARN_BOOL_CONVERSION = YES;
				CLANG_WARN_COMMA = YES;
				CLANG_WARN_CONSTANT_CONVERSION = YES;
				CLANG_WARN_DEPRECATED_OBJC_IMPLEMENTATIONS = YES;
				CLANG_WARN_DIRECT_OBJC_ISA_USAGE = YES_ERROR;
				CLANG_WARN_DOCUMENTATION_COMMENTS = YES;
				CLANG_WARN_EMPTY_BODY = YES;
				CLANG_WARN_ENUM_CONVERSION = YES;
				CLANG_WARN_INFINITE_RECURSION = YES;
				CLANG_WARN_INT_CONVERSION = YES;
				CLANG_WARN_NON_LITERAL_NULL_CONVERSION = YES;
				CLANG_WARN_OBJC_IMPLICIT_RETAIN_SELF = YES;
				CLANG_WARN_OBJC_LITERAL_CONVERSION = YES;
				CLANG_WARN_OBJC_ROOT_CLASS = YES_ERROR;
				CLANG_WARN_QUOTED_INCLUDE_IN_FRAMEWORK_HEADER = YES;
				CLANG_WARN_RANGE_LOOP_ANALYSIS = YES;
				CLANG_WARN_STRICT_PROTOTYPES = YES;
				CLANG_WARN_SUSPICIOUS_MOVE = YES;
				CLANG_WARN_UNGUARDED_AVAILABILITY = YES_AGGRESSIVE;
				CLANG_WARN_UNREACHABLE_CODE = YES;
				CLANG_WARN__DUPLICATE_METHOD_MATCH = YES;
				COPY_PHASE_STRIP = NO;
				DEBUG_INFORMATION_FORMAT = dwarf;
				ENABLE_STRICT_OBJC_MSGSEND = YES;
				ENABLE_TESTABILITY = YES;
				ENABLE_USER_SCRIPT_SANDBOXING = YES;
				GCC_C_LANGUAGE_STANDARD = gnu17;
				GCC_DYNAMIC_NO_PIC = NO;
				GCC_NO_COMMON_BLOCKS = YES;
				GCC_OPTIMIZATION_LEVEL = 0;
				GCC_PREPROCESSOR_DEFINITIONS = (
					"DEBUG=1",
					"$(inherited)",
				);
				GCC_WARN_64_TO_32_BIT_CONVERSION = YES;
				GCC_WARN_ABOUT_RETURN_TYPE = YES_ERROR;
				GCC_WARN_UNDECLARED_SELECTOR = YES;
				GCC_WARN_UNINITIALIZED_AUTOS = YES_AGGRESSIVE;
				GCC_WARN_UNUSED_FUNCTION = YES;
				GCC_WARN_UNUSED_VARIABLE = YES;
				IPHONEOS_DEPLOYMENT_TARGET = 17.5;
				LOCALIZATION_PREFERS_STRING_CATALOGS = YES;
				MTL_ENABLE_DEBUG_INFO = INCLUDE_SOURCE;
				MTL_FAST_MATH = YES;
				ONLY_ACTIVE_ARCH = YES;
				SDKROOT = iphoneos;
				SWIFT_ACTIVE_COMPILATION_CONDITIONS = "DEBUG $(inherited)";
				SWIFT_OPTIMIZATION_LEVEL = "-Onone";
			};
			name = Debug;
		};
		667914E42D8DCA36009183D0 /* Release */ = {
			isa = XCBuildConfiguration;
			buildSettings = {
				ALWAYS_SEARCH_USER_PATHS = NO;
				ASSETCATALOG_COMPILER_GENERATE_SWIFT_ASSET_SYMBOL_EXTENSIONS = YES;
				CLANG_ANALYZER_NONNULL = YES;
				CLANG_ANALYZER_NUMBER_OBJECT_CONVERSION = YES_AGGRESSIVE;
				CLANG_CXX_LANGUAGE_STANDARD = "gnu++20";
				CLANG_ENABLE_MODULES = YES;
				CLANG_ENABLE_OBJC_ARC = YES;
				CLANG_ENABLE_OBJC_WEAK = YES;
				CLANG_WARN_BLOCK_CAPTURE_AUTORELEASING = YES;
				CLANG_WARN_BOOL_CONVERSION = YES;
				CLANG_WARN_COMMA = YES;
				CLANG_WARN_CONSTANT_CONVERSION = YES;
				CLANG_WARN_DEPRECATED_OBJC_IMPLEMENTATIONS = YES;
				CLANG_WARN_DIRECT_OBJC_ISA_USAGE = YES_ERROR;
				CLANG_WARN_DOCUMENTATION_COMMENTS = YES;
				CLANG_WARN_EMPTY_BODY = YES;
				CLANG_WARN_ENUM_CONVERSION = YES;
				CLANG_WARN_INFINITE_RECURSION = YES;
				CLANG_WARN_INT_CONVERSION = YES;
				CLANG_WARN_NON_LITERAL_NULL_CONVERSION = YES;
				CLANG_WARN_OBJC_IMPLICIT_RETAIN_SELF = YES;
				CLANG_WARN_OBJC_LITERAL_CONVERSION = YES;
				CLANG_WARN_OBJC_ROOT_CLASS = YES_ERROR;
				CLANG_WARN_QUOTED_INCLUDE_IN_FRAMEWORK_HEADER = YES;
				CLANG_WARN_RANGE_LOOP_ANALYSIS = YES;
				CLANG_WARN_STRICT_PROTOTYPES = YES;
				CLANG_WARN_SUSPICIOUS_MOVE = YES;
				CLANG_WARN_UNGUARDED_AVAILABILITY = YES_AGGRESSIVE;
				CLANG_WARN_UNREACHABLE_CODE = YES;
				CLANG_WARN__DUPLICATE_METHOD_MATCH = YES;
				COPY_PHASE_STRIP = NO;
				DEBUG_INFORMATION_FORMAT = "dwarf-with-dsym";
				ENABLE_NS_ASSERTIONS = NO;
				ENABLE_STRICT_OBJC_MSGSEND = YES;
				ENABLE_USER_SCRIPT_SANDBOXING = YES;
				GCC_C_LANGUAGE_STANDARD = gnu17;
				GCC_NO_COMMON_BLOCKS = YES;
				GCC_WARN_64_TO_32_BIT_CONVERSION = YES;
				GCC_WARN_ABOUT_RETURN_TYPE = YES_ERROR;
				GCC_WARN_UNDECLARED_SELECTOR = YES;
				GCC_WARN_UNINITIALIZED_AUTOS = YES_AGGRESSIVE;
				GCC_WARN_UNUSED_FUNCTION = YES;
				GCC_WARN_UNUSED_VARIABLE = YES;
				IPHONEOS_DEPLOYMENT_TARGET = 17.5;
				LOCALIZATION_PREFERS_STRING_CATALOGS = YES;
				MTL_ENABLE_DEBUG_INFO = NO;
				MTL_FAST_MATH = YES;
				SDKROOT = iphoneos;
				SWIFT_COMPILATION_MODE = wholemodule;
				VALIDATE_PRODUCT = YES;
			};
			name = Release;
		};
		667914E62D8DCA36009183D0 /* Debug */ = {
			isa = XCBuildConfiguration;
			buildSettings = {
				ASSETCATALOG_COMPILER_APPICON_NAME = AppIcon;
				ASSETCATALOG_COMPILER_GLOBAL_ACCENT_COLOR_NAME = AccentColor;
				CODE_SIGN_STYLE = Automatic;
				CURRENT_PROJECT_VERSION = 1;
				DEVELOPMENT_ASSET_PATHS = "\"Desafio2/Preview Content\"";
				ENABLE_PREVIEWS = YES;
				GENERATE_INFOPLIST_FILE = YES;
				INFOPLIST_KEY_UIApplicationSceneManifest_Generation = YES;
				INFOPLIST_KEY_UIApplicationSupportsIndirectInputEvents = YES;
				INFOPLIST_KEY_UILaunchScreen_Generation = YES;
				INFOPLIST_KEY_UISupportedInterfaceOrientations_iPad = "UIInterfaceOrientationPortrait UIInterfaceOrientationPortraitUpsideDown UIInterfaceOrientationLandscapeLeft UIInterfaceOrientationLandscapeRight";
				INFOPLIST_KEY_UISupportedInterfaceOrientations_iPhone = "UIInterfaceOrientationPortrait UIInterfaceOrientationLandscapeLeft UIInterfaceOrientationLandscapeRight";
				LD_RUNPATH_SEARCH_PATHS = (
					"$(inherited)",
					"@executable_path/Frameworks",
				);
				MARKETING_VERSION = 1.0;
				PRODUCT_BUNDLE_IDENTIFIER = teste.Desafio2;
				PRODUCT_NAME = "$(TARGET_NAME)";
				SWIFT_EMIT_LOC_STRINGS = YES;
				SWIFT_VERSION = 5.0;
				TARGETED_DEVICE_FAMILY = "1,2";
			};
			name = Debug;
		};
		667914E72D8DCA36009183D0 /* Release */ = {
			isa = XCBuildConfiguration;
			buildSettings = {
				ASSETCATALOG_COMPILER_APPICON_NAME = AppIcon;
				ASSETCATALOG_COMPILER_GLOBAL_ACCENT_COLOR_NAME = AccentColor;
				CODE_SIGN_STYLE = Automatic;
				CURRENT_PROJECT_VERSION = 1;
				DEVELOPMENT_ASSET_PATHS = "\"Desafio2/Preview Content\"";
				ENABLE_PREVIEWS = YES;
				GENERATE_INFOPLIST_FILE = YES;
				INFOPLIST_KEY_UIApplicationSceneManifest_Generation = YES;
				INFOPLIST_KEY_UIApplicationSupportsIndirectInputEvents = YES;
				INFOPLIST_KEY_UILaunchScreen_Generation = YES;
				INFOPLIST_KEY_UISupportedInterfaceOrientations_iPad = "UIInterfaceOrientationPortrait UIInterfaceOrientationPortraitUpsideDown UIInterfaceOrientationLandscapeLeft UIInterfaceOrientationLandscapeRight";
				INFOPLIST_KEY_UISupportedInterfaceOrientations_iPhone = "UIInterfaceOrientationPortrait UIInterfaceOrientationLandscapeLeft UIInterfaceOrientationLandscapeRight";
				LD_RUNPATH_SEARCH_PATHS = (
					"$(inherited)",
					"@executable_path/Frameworks",
				);
				MARKETING_VERSION = 1.0;
				PRODUCT_BUNDLE_IDENTIFIER = teste.Desafio2;
				PRODUCT_NAME = "$(TARGET_NAME)";
				SWIFT_EMIT_LOC_STRINGS = YES;
				SWIFT_VERSION = 5.0;
				TARGETED_DEVICE_FAMILY = "1,2";
			};
			name = Release;
		};
/* End XCBuildConfiguration section */

/* Begin XCConfigurationList section */
		667914D22D8DCA34009183D0 /* Build configuration list for PBXProject "Desafio2" */ = {
			isa = XCConfigurationList;
			buildConfigurations = (
				667914E32D8DCA36009183D0 /* Debug */,
				667914E42D8DCA36009183D0 /* Release */,
			);
			defaultConfigurationIsVisible = 0;
			defaultConfigurationName = Release;
		};
		667914E52D8DCA36009183D0 /* Build configuration list for PBXNativeTarget "Desafio2" */ = {
			isa = XCConfigurationList;
			buildConfigurations = (
				667914E62D8DCA36009183D0 /* Debug */,
				667914E72D8DCA36009183D0 /* Release */,
			);
			defaultConfigurationIsVisible = 0;
			defaultConfigurationName = Release;
		};
/* End XCConfigurationList section */
	};
	rootObject = 667914CF2D8DCA34009183D0 /* Project object */;
}
